// !$*UTF8*$!
{
	archiveVersion = 1;
	classes = {
	};
	objectVersion = 55;
	objects = {

/* Begin PBXBuildFile section */
		04E183EC2A4D975400FF0572 /* AppDelegate.swift in Sources */ = {isa = PBXBuildFile; fileRef = 04E183EB2A4D975400FF0572 /* AppDelegate.swift */; };
		04E183EE2A4D975400FF0572 /* SceneDelegate.swift in Sources */ = {isa = PBXBuildFile; fileRef = 04E183ED2A4D975400FF0572 /* SceneDelegate.swift */; };
		04E183F02A4D975400FF0572 /* RMTabBarViewController.swift in Sources */ = {isa = PBXBuildFile; fileRef = 04E183EF2A4D975400FF0572 /* RMTabBarViewController.swift */; };
		04E183F52A4D975600FF0572 /* Assets.xcassets in Resources */ = {isa = PBXBuildFile; fileRef = 04E183F42A4D975600FF0572 /* Assets.xcassets */; };
		04E183F82A4D975600FF0572 /* LaunchScreen.storyboard in Resources */ = {isa = PBXBuildFile; fileRef = 04E183F62A4D975600FF0572 /* LaunchScreen.storyboard */; };
		04E1840A2A4D9CA900FF0572 /* RMLocation.swift in Sources */ = {isa = PBXBuildFile; fileRef = 04E184092A4D9CA900FF0572 /* RMLocation.swift */; };
		04E1840C2A4D9CC000FF0572 /* RMCharacter.swift in Sources */ = {isa = PBXBuildFile; fileRef = 04E1840B2A4D9CC000FF0572 /* RMCharacter.swift */; };
		04E1840E2A4D9CD400FF0572 /* RMEpisode.swift in Sources */ = {isa = PBXBuildFile; fileRef = 04E1840D2A4D9CD400FF0572 /* RMEpisode.swift */; };
		04E184112A4D9E6700FF0572 /* RMCharacterViewController.swift in Sources */ = {isa = PBXBuildFile; fileRef = 04E184102A4D9E6700FF0572 /* RMCharacterViewController.swift */; };
		04E184132A4D9F2700FF0572 /* RMLocationViewController.swift in Sources */ = {isa = PBXBuildFile; fileRef = 04E184122A4D9F2700FF0572 /* RMLocationViewController.swift */; };
		04E184152A4DA04A00FF0572 /* RMEpisodeViewController.swift in Sources */ = {isa = PBXBuildFile; fileRef = 04E184142A4DA04A00FF0572 /* RMEpisodeViewController.swift */; };
		04E184172A4DA06800FF0572 /* RMSettingsViewController.swift in Sources */ = {isa = PBXBuildFile; fileRef = 04E184162A4DA06800FF0572 /* RMSettingsViewController.swift */; };
/* End PBXBuildFile section */

/* Begin PBXFileReference section */
		04E183E82A4D975400FF0572 /* RickAndMorty.app */ = {isa = PBXFileReference; explicitFileType = wrapper.application; includeInIndex = 0; path = RickAndMorty.app; sourceTree = BUILT_PRODUCTS_DIR; };
		04E183EB2A4D975400FF0572 /* AppDelegate.swift */ = {isa = PBXFileReference; lastKnownFileType = sourcecode.swift; path = AppDelegate.swift; sourceTree = "<group>"; };
		04E183ED2A4D975400FF0572 /* SceneDelegate.swift */ = {isa = PBXFileReference; lastKnownFileType = sourcecode.swift; path = SceneDelegate.swift; sourceTree = "<group>"; };
		04E183EF2A4D975400FF0572 /* RMTabBarViewController.swift */ = {isa = PBXFileReference; lastKnownFileType = sourcecode.swift; path = RMTabBarViewController.swift; sourceTree = "<group>"; };
		04E183F42A4D975600FF0572 /* Assets.xcassets */ = {isa = PBXFileReference; lastKnownFileType = folder.assetcatalog; path = Assets.xcassets; sourceTree = "<group>"; };
		04E183F72A4D975600FF0572 /* Base */ = {isa = PBXFileReference; lastKnownFileType = file.storyboard; name = Base; path = Base.lproj/LaunchScreen.storyboard; sourceTree = "<group>"; };
		04E183F92A4D975700FF0572 /* Info.plist */ = {isa = PBXFileReference; lastKnownFileType = text.plist.xml; path = Info.plist; sourceTree = "<group>"; };
		04E184092A4D9CA900FF0572 /* RMLocation.swift */ = {isa = PBXFileReference; lastKnownFileType = sourcecode.swift; path = RMLocation.swift; sourceTree = "<group>"; };
		04E1840B2A4D9CC000FF0572 /* RMCharacter.swift */ = {isa = PBXFileReference; lastKnownFileType = sourcecode.swift; path = RMCharacter.swift; sourceTree = "<group>"; };
		04E1840D2A4D9CD400FF0572 /* RMEpisode.swift */ = {isa = PBXFileReference; lastKnownFileType = sourcecode.swift; path = RMEpisode.swift; sourceTree = "<group>"; };
		04E184102A4D9E6700FF0572 /* RMCharacterViewController.swift */ = {isa = PBXFileReference; lastKnownFileType = sourcecode.swift; path = RMCharacterViewController.swift; sourceTree = "<group>"; };
		04E184122A4D9F2700FF0572 /* RMLocationViewController.swift */ = {isa = PBXFileReference; lastKnownFileType = sourcecode.swift; path = RMLocationViewController.swift; sourceTree = "<group>"; };
		04E184142A4DA04A00FF0572 /* RMEpisodeViewController.swift */ = {isa = PBXFileReference; lastKnownFileType = sourcecode.swift; path = RMEpisodeViewController.swift; sourceTree = "<group>"; };
		04E184162A4DA06800FF0572 /* RMSettingsViewController.swift */ = {isa = PBXFileReference; lastKnownFileType = sourcecode.swift; path = RMSettingsViewController.swift; sourceTree = "<group>"; };
/* End PBXFileReference section */

/* Begin PBXFrameworksBuildPhase section */
		04E183E52A4D975400FF0572 /* Frameworks */ = {
			isa = PBXFrameworksBuildPhase;
			buildActionMask = 2147483647;
			files = (
			);
			runOnlyForDeploymentPostprocessing = 0;
		};
/* End PBXFrameworksBuildPhase section */

/* Begin PBXGroup section */
		04E183DF2A4D975400FF0572 = {
			isa = PBXGroup;
			children = (
				04E183EA2A4D975400FF0572 /* RickAndMorty */,
				04E183E92A4D975400FF0572 /* Products */,
			);
			sourceTree = "<group>";
		};
		04E183E92A4D975400FF0572 /* Products */ = {
			isa = PBXGroup;
			children = (
				04E183E82A4D975400FF0572 /* RickAndMorty.app */,
			);
			name = Products;
			sourceTree = "<group>";
		};
		04E183EA2A4D975400FF0572 /* RickAndMorty */ = {
			isa = PBXGroup;
			children = (
				04E184082A4D9B2600FF0572 /* Resources */,
				04E184072A4D9B1B00FF0572 /* Managers */,
				04E184062A4D9AEE00FF0572 /* APIClient */,
				04E184042A4D9AAE00FF0572 /* ViewModels */,
				04E184032A4D9AA300FF0572 /* Views */,
				04E184022A4D9A9C00FF0572 /* Models */,
				04E184012A4D9A9300FF0572 /* Controllers */,
				04E183F92A4D975700FF0572 /* Info.plist */,
			);
			path = RickAndMorty;
			sourceTree = "<group>";
		};
		04E184012A4D9A9300FF0572 /* Controllers */ = {
			isa = PBXGroup;
			children = (
				04E1840F2A4D9E2800FF0572 /* Core */,
			);
			path = Controllers;
			sourceTree = "<group>";
		};
		04E184022A4D9A9C00FF0572 /* Models */ = {
			isa = PBXGroup;
			children = (
				04E184092A4D9CA900FF0572 /* RMLocation.swift */,
				04E1840B2A4D9CC000FF0572 /* RMCharacter.swift */,
				04E1840D2A4D9CD400FF0572 /* RMEpisode.swift */,
			);
			path = Models;
			sourceTree = "<group>";
		};
		04E184032A4D9AA300FF0572 /* Views */ = {
			isa = PBXGroup;
			children = (
			);
			path = Views;
			sourceTree = "<group>";
		};
		04E184042A4D9AAE00FF0572 /* ViewModels */ = {
			isa = PBXGroup;
			children = (
			);
			path = ViewModels;
			sourceTree = "<group>";
		};
		04E184062A4D9AEE00FF0572 /* APIClient */ = {
			isa = PBXGroup;
			children = (
			);
			path = APIClient;
			sourceTree = "<group>";
		};
		04E184072A4D9B1B00FF0572 /* Managers */ = {
			isa = PBXGroup;
			children = (
			);
			path = Managers;
			sourceTree = "<group>";
		};
		04E184082A4D9B2600FF0572 /* Resources */ = {
			isa = PBXGroup;
			children = (
				04E183EB2A4D975400FF0572 /* AppDelegate.swift */,
				04E183ED2A4D975400FF0572 /* SceneDelegate.swift */,
				04E183F42A4D975600FF0572 /* Assets.xcassets */,
				04E183F62A4D975600FF0572 /* LaunchScreen.storyboard */,
			);
			path = Resources;
			sourceTree = "<group>";
		};
		04E1840F2A4D9E2800FF0572 /* Core */ = {
			isa = PBXGroup;
			children = (
				04E184102A4D9E6700FF0572 /* RMCharacterViewController.swift */,
				04E183EF2A4D975400FF0572 /* RMTabBarViewController.swift */,
				04E184122A4D9F2700FF0572 /* RMLocationViewController.swift */,
				04E184142A4DA04A00FF0572 /* RMEpisodeViewController.swift */,
				04E184162A4DA06800FF0572 /* RMSettingsViewController.swift */,
			);
			path = Core;
			sourceTree = "<group>";
		};
/* End PBXGroup section */

/* Begin PBXNativeTarget section */
		04E183E72A4D975400FF0572 /* RickAndMorty */ = {
			isa = PBXNativeTarget;
			buildConfigurationList = 04E183FC2A4D975700FF0572 /* Build configuration list for PBXNativeTarget "RickAndMorty" */;
			buildPhases = (
				04E183E42A4D975400FF0572 /* Sources */,
				04E183E52A4D975400FF0572 /* Frameworks */,
				04E183E62A4D975400FF0572 /* Resources */,
			);
			buildRules = (
			);
			dependencies = (
			);
			name = RickAndMorty;
			productName = RickAndMorty;
			productReference = 04E183E82A4D975400FF0572 /* RickAndMorty.app */;
			productType = "com.apple.product-type.application";
		};
/* End PBXNativeTarget section */

/* Begin PBXProject section */
		04E183E02A4D975400FF0572 /* Project object */ = {
			isa = PBXProject;
			attributes = {
				BuildIndependentTargetsInParallel = 1;
				LastSwiftUpdateCheck = 1340;
				LastUpgradeCheck = 1340;
				TargetAttributes = {
					04E183E72A4D975400FF0572 = {
						CreatedOnToolsVersion = 13.4.1;
					};
				};
			};
			buildConfigurationList = 04E183E32A4D975400FF0572 /* Build configuration list for PBXProject "RickAndMorty" */;
			compatibilityVersion = "Xcode 13.0";
			developmentRegion = en;
			hasScannedForEncodings = 0;
			knownRegions = (
				en,
				Base,
			);
			mainGroup = 04E183DF2A4D975400FF0572;
			productRefGroup = 04E183E92A4D975400FF0572 /* Products */;
			projectDirPath = "";
			projectRoot = "";
			targets = (
				04E183E72A4D975400FF0572 /* RickAndMorty */,
			);
		};
/* End PBXProject section */

/* Begin PBXResourcesBuildPhase section */
		04E183E62A4D975400FF0572 /* Resources */ = {
			isa = PBXResourcesBuildPhase;
			buildActionMask = 2147483647;
			files = (
				04E183F82A4D975600FF0572 /* LaunchScreen.storyboard in Resources */,
				04E183F52A4D975600FF0572 /* Assets.xcassets in Resources */,
			);
			runOnlyForDeploymentPostprocessing = 0;
		};
/* End PBXResourcesBuildPhase section */

/* Begin PBXSourcesBuildPhase section */
		04E183E42A4D975400FF0572 /* Sources */ = {
			isa = PBXSourcesBuildPhase;
			buildActionMask = 2147483647;
			files = (
				04E184132A4D9F2700FF0572 /* RMLocationViewController.swift in Sources */,
				04E1840E2A4D9CD400FF0572 /* RMEpisode.swift in Sources */,
				04E183F02A4D975400FF0572 /* RMTabBarViewController.swift in Sources */,
				04E184152A4DA04A00FF0572 /* RMEpisodeViewController.swift in Sources */,
				04E183EC2A4D975400FF0572 /* AppDelegate.swift in Sources */,
				04E183EE2A4D975400FF0572 /* SceneDelegate.swift in Sources */,
				04E184172A4DA06800FF0572 /* RMSettingsViewController.swift in Sources */,
				04E1840A2A4D9CA900FF0572 /* RMLocation.swift in Sources */,
				04E1840C2A4D9CC000FF0572 /* RMCharacter.swift in Sources */,
				04E184112A4D9E6700FF0572 /* RMCharacterViewController.swift in Sources */,
			);
			runOnlyForDeploymentPostprocessing = 0;
		};
/* End PBXSourcesBuildPhase section */

/* Begin PBXVariantGroup section */
		04E183F62A4D975600FF0572 /* LaunchScreen.storyboard */ = {
			isa = PBXVariantGroup;
			children = (
				04E183F72A4D975600FF0572 /* Base */,
			);
			name = LaunchScreen.storyboard;
			sourceTree = "<group>";
		};
/* End PBXVariantGroup section */

/* Begin XCBuildConfiguration section */
		04E183FA2A4D975700FF0572 /* Debug */ = {
			isa = XCBuildConfiguration;
			buildSettings = {
				ALWAYS_SEARCH_USER_PATHS = NO;
				CLANG_ANALYZER_NONNULL = YES;
				CLANG_ANALYZER_NUMBER_OBJECT_CONVERSION = YES_AGGRESSIVE;
				CLANG_CXX_LANGUAGE_STANDARD = "gnu++17";
				CLANG_ENABLE_MODULES = YES;
				CLANG_ENABLE_OBJC_ARC = YES;
				CLANG_ENABLE_OBJC_WEAK = YES;
				CLANG_WARN_BLOCK_CAPTURE_AUTORELEASING = YES;
				CLANG_WARN_BOOL_CONVERSION = YES;
				CLANG_WARN_COMMA = YES;
				CLANG_WARN_CONSTANT_CONVERSION = YES;
				CLANG_WARN_DEPRECATED_OBJC_IMPLEMENTATIONS = YES;
				CLANG_WARN_DIRECT_OBJC_ISA_USAGE = YES_ERROR;
				CLANG_WARN_DOCUMENTATION_COMMENTS = YES;
				CLANG_WARN_EMPTY_BODY = YES;
				CLANG_WARN_ENUM_CONVERSION = YES;
				CLANG_WARN_INFINITE_RECURSION = YES;
				CLANG_WARN_INT_CONVERSION = YES;
				CLANG_WARN_NON_LITERAL_NULL_CONVERSION = YES;
				CLANG_WARN_OBJC_IMPLICIT_RETAIN_SELF = YES;
				CLANG_WARN_OBJC_LITERAL_CONVERSION = YES;
				CLANG_WARN_OBJC_ROOT_CLASS = YES_ERROR;
				CLANG_WARN_QUOTED_INCLUDE_IN_FRAMEWORK_HEADER = YES;
				CLANG_WARN_RANGE_LOOP_ANALYSIS = YES;
				CLANG_WARN_STRICT_PROTOTYPES = YES;
				CLANG_WARN_SUSPICIOUS_MOVE = YES;
				CLANG_WARN_UNGUARDED_AVAILABILITY = YES_AGGRESSIVE;
				CLANG_WARN_UNREACHABLE_CODE = YES;
				CLANG_WARN__DUPLICATE_METHOD_MATCH = YES;
				COPY_PHASE_STRIP = NO;
				DEBUG_INFORMATION_FORMAT = dwarf;
				ENABLE_STRICT_OBJC_MSGSEND = YES;
				ENABLE_TESTABILITY = YES;
				GCC_C_LANGUAGE_STANDARD = gnu11;
				GCC_DYNAMIC_NO_PIC = NO;
				GCC_NO_COMMON_BLOCKS = YES;
				GCC_OPTIMIZATION_LEVEL = 0;
				GCC_PREPROCESSOR_DEFINITIONS = (
					"DEBUG=1",
					"$(inherited)",
				);
				GCC_WARN_64_TO_32_BIT_CONVERSION = YES;
				GCC_WARN_ABOUT_RETURN_TYPE = YES_ERROR;
				GCC_WARN_UNDECLARED_SELECTOR = YES;
				GCC_WARN_UNINITIALIZED_AUTOS = YES_AGGRESSIVE;
				GCC_WARN_UNUSED_FUNCTION = YES;
				GCC_WARN_UNUSED_VARIABLE = YES;
				IPHONEOS_DEPLOYMENT_TARGET = 15.5;
				MTL_ENABLE_DEBUG_INFO = INCLUDE_SOURCE;
				MTL_FAST_MATH = YES;
				ONLY_ACTIVE_ARCH = YES;
				SDKROOT = iphoneos;
				SWIFT_ACTIVE_COMPILATION_CONDITIONS = DEBUG;
				SWIFT_OPTIMIZATION_LEVEL = "-Onone";
			};
			name = Debug;
		};
		04E183FB2A4D975700FF0572 /* Release */ = {
			isa = XCBuildConfiguration;
			buildSettings = {
				ALWAYS_SEARCH_USER_PATHS = NO;
				CLANG_ANALYZER_NONNULL = YES;
				CLANG_ANALYZER_NUMBER_OBJECT_CONVERSION = YES_AGGRESSIVE;
				CLANG_CXX_LANGUAGE_STANDARD = "gnu++17";
				CLANG_ENABLE_MODULES = YES;
				CLANG_ENABLE_OBJC_ARC = YES;
				CLANG_ENABLE_OBJC_WEAK = YES;
				CLANG_WARN_BLOCK_CAPTURE_AUTORELEASING = YES;
				CLANG_WARN_BOOL_CONVERSION = YES;
				CLANG_WARN_COMMA = YES;
				CLANG_WARN_CONSTANT_CONVERSION = YES;
				CLANG_WARN_DEPRECATED_OBJC_IMPLEMENTATIONS = YES;
				CLANG_WARN_DIRECT_OBJC_ISA_USAGE = YES_ERROR;
				CLANG_WARN_DOCUMENTATION_COMMENTS = YES;
				CLANG_WARN_EMPTY_BODY = YES;
				CLANG_WARN_ENUM_CONVERSION = YES;
				CLANG_WARN_INFINITE_RECURSION = YES;
				CLANG_WARN_INT_CONVERSION = YES;
				CLANG_WARN_NON_LITERAL_NULL_CONVERSION = YES;
				CLANG_WARN_OBJC_IMPLICIT_RETAIN_SELF = YES;
				CLANG_WARN_OBJC_LITERAL_CONVERSION = YES;
				CLANG_WARN_OBJC_ROOT_CLASS = YES_ERROR;
				CLANG_WARN_QUOTED_INCLUDE_IN_FRAMEWORK_HEADER = YES;
				CLANG_WARN_RANGE_LOOP_ANALYSIS = YES;
				CLANG_WARN_STRICT_PROTOTYPES = YES;
				CLANG_WARN_SUSPICIOUS_MOVE = YES;
				CLANG_WARN_UNGUARDED_AVAILABILITY = YES_AGGRESSIVE;
				CLANG_WARN_UNREACHABLE_CODE = YES;
				CLANG_WARN__DUPLICATE_METHOD_MATCH = YES;
				COPY_PHASE_STRIP = NO;
				DEBUG_INFORMATION_FORMAT = "dwarf-with-dsym";
				ENABLE_NS_ASSERTIONS = NO;
				ENABLE_STRICT_OBJC_MSGSEND = YES;
				GCC_C_LANGUAGE_STANDARD = gnu11;
				GCC_NO_COMMON_BLOCKS = YES;
				GCC_WARN_64_TO_32_BIT_CONVERSION = YES;
				GCC_WARN_ABOUT_RETURN_TYPE = YES_ERROR;
				GCC_WARN_UNDECLARED_SELECTOR = YES;
				GCC_WARN_UNINITIALIZED_AUTOS = YES_AGGRESSIVE;
				GCC_WARN_UNUSED_FUNCTION = YES;
				GCC_WARN_UNUSED_VARIABLE = YES;
				IPHONEOS_DEPLOYMENT_TARGET = 15.5;
				MTL_ENABLE_DEBUG_INFO = NO;
				MTL_FAST_MATH = YES;
				SDKROOT = iphoneos;
				SWIFT_COMPILATION_MODE = wholemodule;
				SWIFT_OPTIMIZATION_LEVEL = "-O";
				VALIDATE_PRODUCT = YES;
			};
			name = Release;
		};
		04E183FD2A4D975700FF0572 /* Debug */ = {
			isa = XCBuildConfiguration;
			buildSettings = {
				ASSETCATALOG_COMPILER_APPICON_NAME = AppIcon;
				ASSETCATALOG_COMPILER_GLOBAL_ACCENT_COLOR_NAME = AccentColor;
				CODE_SIGN_STYLE = Automatic;
				CURRENT_PROJECT_VERSION = 1;
				GENERATE_INFOPLIST_FILE = YES;
				INFOPLIST_FILE = RickAndMorty/Info.plist;
				INFOPLIST_KEY_UIApplicationSupportsIndirectInputEvents = YES;
				INFOPLIST_KEY_UILaunchStoryboardName = LaunchScreen;
				INFOPLIST_KEY_UISupportedInterfaceOrientations_iPad = "UIInterfaceOrientationPortrait UIInterfaceOrientationPortraitUpsideDown UIInterfaceOrientationLandscapeLeft UIInterfaceOrientationLandscapeRight";
				INFOPLIST_KEY_UISupportedInterfaceOrientations_iPhone = "UIInterfaceOrientationPortrait UIInterfaceOrientationLandscapeLeft UIInterfaceOrientationLandscapeRight";
				IPHONEOS_DEPLOYMENT_TARGET = 13.0;
				LD_RUNPATH_SEARCH_PATHS = (
					"$(inherited)",
					"@executable_path/Frameworks",
				);
				MARKETING_VERSION = 1.0;
				PRODUCT_BUNDLE_IDENTIFIER = com.parthasarathi.RickAndMorty;
				PRODUCT_NAME = "$(TARGET_NAME)";
				SWIFT_EMIT_LOC_STRINGS = YES;
				SWIFT_VERSION = 5.0;
				TARGETED_DEVICE_FAMILY = "1,2";
			};
			name = Debug;
		};
		04E183FE2A4D975700FF0572 /* Release */ = {
			isa = XCBuildConfiguration;
			buildSettings = {
				ASSETCATALOG_COMPILER_APPICON_NAME = AppIcon;
				ASSETCATALOG_COMPILER_GLOBAL_ACCENT_COLOR_NAME = AccentColor;
				CODE_SIGN_STYLE = Automatic;
				CURRENT_PROJECT_VERSION = 1;
				GENERATE_INFOPLIST_FILE = YES;
				INFOPLIST_FILE = RickAndMorty/Info.plist;
				INFOPLIST_KEY_UIApplicationSupportsIndirectInputEvents = YES;
				INFOPLIST_KEY_UILaunchStoryboardName = LaunchScreen;
				INFOPLIST_KEY_UISupportedInterfaceOrientations_iPad = "UIInterfaceOrientationPortrait UIInterfaceOrientationPortraitUpsideDown UIInterfaceOrientationLandscapeLeft UIInterfaceOrientationLandscapeRight";
				INFOPLIST_KEY_UISupportedInterfaceOrientations_iPhone = "UIInterfaceOrientationPortrait UIInterfaceOrientationLandscapeLeft UIInterfaceOrientationLandscapeRight";
				IPHONEOS_DEPLOYMENT_TARGET = 13.0;
				LD_RUNPATH_SEARCH_PATHS = (
					"$(inherited)",
					"@executable_path/Frameworks",
				);
				MARKETING_VERSION = 1.0;
				PRODUCT_BUNDLE_IDENTIFIER = com.parthasarathi.RickAndMorty;
				PRODUCT_NAME = "$(TARGET_NAME)";
				SWIFT_EMIT_LOC_STRINGS = YES;
				SWIFT_VERSION = 5.0;
				TARGETED_DEVICE_FAMILY = "1,2";
			};
			name = Release;
		};
/* End XCBuildConfiguration section */

/* Begin XCConfigurationList section */
		04E183E32A4D975400FF0572 /* Build configuration list for PBXProject "RickAndMorty" */ = {
			isa = XCConfigurationList;
			buildConfigurations = (
				04E183FA2A4D975700FF0572 /* Debug */,
				04E183FB2A4D975700FF0572 /* Release */,
			);
			defaultConfigurationIsVisible = 0;
			defaultConfigurationName = Release;
		};
		04E183FC2A4D975700FF0572 /* Build configuration list for PBXNativeTarget "RickAndMorty" */ = {
			isa = XCConfigurationList;
			buildConfigurations = (
				04E183FD2A4D975700FF0572 /* Debug */,
				04E183FE2A4D975700FF0572 /* Release */,
			);
			defaultConfigurationIsVisible = 0;
			defaultConfigurationName = Release;
		};
/* End XCConfigurationList section */
	};
	rootObject = 04E183E02A4D975400FF0572 /* Project object */;
}
